version: 6
environments:
  default:
    channels:
    - url: https://conda.anaconda.org/conda-forge/
    packages:
      linux-64:
      - conda: https://conda.anaconda.org/conda-forge/linux-64/_libgcc_mutex-0.1-conda_forge.tar.bz2
      - conda: https://conda.anaconda.org/conda-forge/linux-64/_openmp_mutex-4.5-2_gnu.tar.bz2
      - conda: https://conda.anaconda.org/conda-forge/noarch/ca-certificates-2025.6.15-hbd8a1cb_0.conda
      - conda: https://conda.anaconda.org/conda-forge/linux-64/dart-sass-1.59.1-ha770c72_0.conda
      - conda: https://conda.anaconda.org/conda-forge/linux-64/deno-1.46.3-hcab8b69_0.conda
      - conda: https://conda.anaconda.org/conda-forge/linux-64/deno-dom-0.1.41-h4768de7_0.conda
      - conda: https://conda.anaconda.org/conda-forge/linux-64/esbuild-0.25.6-ha770c72_0.conda
      - conda: https://conda.anaconda.org/conda-forge/linux-64/libgcc-15.1.0-h767d61c_3.conda
      - conda: https://conda.anaconda.org/conda-forge/linux-64/libgomp-15.1.0-h767d61c_3.conda
      - conda: https://conda.anaconda.org/conda-forge/linux-64/openssl-3.5.1-h7b32b05_0.conda
      - conda: https://conda.anaconda.org/conda-forge/linux-64/pandoc-3.6.3-ha770c72_0.conda
      - conda: https://conda.anaconda.org/conda-forge/linux-64/quarto-1.7.32-ha770c72_0.conda
      - conda: https://conda.anaconda.org/conda-forge/linux-64/typst-0.13.0-h53e704d_0.conda
packages:
- conda: https://conda.anaconda.org/conda-forge/linux-64/_libgcc_mutex-0.1-conda_forge.tar.bz2
  sha256: fe51de6107f9edc7aa4f786a70f4a883943bc9d39b3bb7307c04c41410990726
  md5: d7c89558ba9fa0495403155b64376d81
  license: None
  size: 2562
  timestamp: 1578324546067
- conda: https://conda.anaconda.org/conda-forge/linux-64/_openmp_mutex-4.5-2_gnu.tar.bz2
  build_number: 16
  sha256: fbe2c5e56a653bebb982eda4876a9178aedfc2b545f25d0ce9c4c0b508253d22
  md5: 73aaf86a425cc6e73fcf236a5a46396d
  depends:
  - _libgcc_mutex 0.1 conda_forge
  - libgomp >=7.5.0
  constrains:
  - openmp_impl 9999
  license: BSD-3-Clause
  license_family: BSD
  size: 23621
  timestamp: 1650670423406
- conda: https://conda.anaconda.org/conda-forge/noarch/ca-certificates-2025.6.15-hbd8a1cb_0.conda
  sha256: 7cfec9804c84844ea544d98bda1d9121672b66ff7149141b8415ca42dfcd44f6
  md5: 72525f07d72806e3b639ad4504c30ce5
  depends:
  - __unix
  license: ISC
  size: 151069
  timestamp: 1749990087500
- conda: https://conda.anaconda.org/conda-forge/linux-64/dart-sass-1.59.1-ha770c72_0.conda
  sha256: 5eae84d272c5706dd4a733a4a3912e6a1d9d02fcd53546b26c44d4f0f7f104bc
  md5: de2018928d25b2cf33d0634f908554ef
  license: MIT
  license_family: MIT
  size: 2970979
  timestamp: 1747420497129
- conda: https://conda.anaconda.org/conda-forge/linux-64/deno-1.46.3-hcab8b69_0.conda
  sha256: 704bb88a744aacab35c159929d6aee8216e7731e920f7d28254a721059dde4b1
  md5: f8410ffda105ab8d380990bbdf9f266f
  depends:
  - __glibc >=2.17,<3.0.a0
  - libgcc >=13
  constrains:
  - __glibc >=2.17
  license: MIT
  license_family: MIT
  size: 39585861
  timestamp: 1726025052074
- conda: https://conda.anaconda.org/conda-forge/linux-64/deno-dom-0.1.41-h4768de7_0.conda
  sha256: 2726829e1a6117dc9555a2088a4ebaa05035218b8791106f036ba73f15b1b13e
  md5: 89e80615c6b1b1ae4f5267bfc5fc7f66
  depends:
  - __glibc >=2.17,<3.0.a0
  - deno >=1.24.2
  constrains:
  - __glibc >=2.17
  license: MIT
  license_family: MIT
  size: 433150
  timestamp: 1736703310469
- conda: https://conda.anaconda.org/conda-forge/linux-64/esbuild-0.25.6-ha770c72_0.conda
  sha256: e6444273ab4d553d010ebc18288df06f287294526d778f4580abc28527fd9f3e
  md5: 26df701750b9b0ea0d1e5453b09036ea
  license: MIT
  license_family: MIT
  size: 3965768
  timestamp: 1751962724327
- conda: https://conda.anaconda.org/conda-forge/linux-64/libgcc-15.1.0-h767d61c_3.conda
  sha256: 59a87161212abe8acc57d318b0cc8636eb834cdfdfddcf1f588b5493644b39a3
  md5: 9e60c55e725c20d23125a5f0dd69af5d
  depends:
  - __glibc >=2.17,<3.0.a0
  - _openmp_mutex >=4.5
  constrains:
  - libgcc-ng ==15.1.0=*_3
  - libgomp 15.1.0 h767d61c_3
  license: GPL-3.0-only WITH GCC-exception-3.1
  license_family: GPL
  size: 824921
  timestamp: 1750808216066
- conda: https://conda.anaconda.org/conda-forge/linux-64/libgomp-15.1.0-h767d61c_3.conda
  sha256: 43710ab4de0cd7ff8467abff8d11e7bb0e36569df04ce1c099d48601818f11d1
  md5: 3cd1a7238a0dd3d0860fdefc496cc854
  depends:
  - __glibc >=2.17,<3.0.a0
  license: GPL-3.0-only WITH GCC-exception-3.1
  license_family: GPL
  size: 447068
  timestamp: 1750808138400
- conda: https://conda.anaconda.org/conda-forge/linux-64/openssl-3.5.1-h7b32b05_0.conda
  sha256: 942347492164190559e995930adcdf84e2fea05307ec8012c02a505f5be87462
  md5: c87df2ab1448ba69169652ab9547082d
  depends:
  - __glibc >=2.17,<3.0.a0
  - ca-certificates
  - libgcc >=13
  license: Apache-2.0
  license_family: Apache
  size: 3131002
  timestamp: 1751390382076
- conda: https://conda.anaconda.org/conda-forge/linux-64/pandoc-3.6.3-ha770c72_0.conda
  sha256: a7392b0d5403676b0b3ab9ff09c1e65d8ab9e1c34349bba9be605d76cf622640
  md5: 16ff7c679250dc09f9732aab14408d2c
  license: GPL-2.0-or-later
  license_family: GPL
  size: 21334851
  timestamp: 1739197772385
- conda: https://conda.anaconda.org/conda-forge/linux-64/quarto-1.7.32-ha770c72_0.conda
  sha256: d7cfff8828665559e884d1e69c241b73f9f5bb698381242bff82083fdbcddfab
  md5: 73e003bb81d9f065d35f89047f4d8bc4
  depends:
  - dart-sass
  - deno >=1.46.3,<1.46.4.0a0
  - deno-dom >=0.1.41,<0.1.42.0a0
  - esbuild
  - pandoc 3.6.3
  - typst 0.13.0
  license: MIT
  license_family: MIT
  size: 16446911
  timestamp: 1750116245256
- conda: https://conda.anaconda.org/conda-forge/linux-64/typst-0.13.0-h53e704d_0.conda
  sha256: 9e3a74bc40c6b488aae852c6ddc0001cd69617601c1495b83935a04a299e17b9
  md5: 7b875caf2669fa52b44de7e70a726fc4
  depends:
  - __glibc >=2.17,<3.0.a0
  - libgcc >=13
  - openssl >=3.4.1,<4.0a0
  constrains:
  - __glibc >=2.17
  license: Apache-2.0
  license_family: Apache
  size: 13182998
  timestamp: 1739976137636
